
Microsoft Visual Studio Solution File, Format Version 12.00
# Visual Studio Version 17
VisualStudioVersion = 17.7.34024.191
MinimumVisualStudioVersion = 10.0.40219.1
Project("{FAE04EC0-301F-11D3-BF4B-00C04F79EFBC}") = "NguyenTienDat_10122119", "NguyenTienDat_10122119\NguyenTienDat_10122119.csproj", "{CCB14F7E-4750-4610-A522-18FA1ABE2D8E}"
EndProject
Global
	GlobalSection(SolutionConfigurationPlatforms) = preSolution
		Debug|Any CPU = Debug|Any CPU
		Release|Any CPU = Release|Any CPU
	EndGlobalSection
	GlobalSection(ProjectConfigurationPlatforms) = postSolution
		{CCB14F7E-4750-4610-A522-18FA1ABE2D8E}.Debug|Any CPU.ActiveCfg = Debug|Any CPU
		{CCB14F7E-4750-4610-A522-18FA1ABE2D8E}.Debug|Any CPU.Build.0 = Debug|Any CPU
		{CCB14F7E-4750-4610-A522-18FA1ABE2D8E}.Release|Any CPU.ActiveCfg = Release|Any CPU
		{CCB14F7E-4750-4610-A522-18FA1ABE2D8E}.Release|Any CPU.Build.0 = Release|Any CPU
	EndGlobalSection
	GlobalSection(SolutionProperties) = preSolution
		HideSolutionNode = FALSE
	EndGlobalSection
	GlobalSection(ExtensibilityGlobals) = postSolution
		SolutionGuid = {A1D9B4BA-B866-4880-B494-3EE33108F8EB}
	EndGlobalSection
EndGlobal
